<?xml version="1.0" encoding="utf-8"?>
<Project ToolsVersion="4.0" xmlns="http://schemas.microsoft.com/developer/msbuild/2003">
  <ItemGroup>
    <Filter Include="Source Files">
      <UniqueIdentifier>{4FC737F1-C7A5-4376-A066-2A32D752A2FF}</UniqueIdentifier>
      <Extensions>cpp;c;cc;cxx;def;odl;idl;hpj;bat;asm;asmx</Extensions>
    </Filter>
    <Filter Include="Header Files">
      <UniqueIdentifier>{93995380-89BD-4b04-88EB-625FBE52EBFB}</UniqueIdentifier>
      <Extensions>h;hpp;hxx;hm;inl;inc;xsd</Extensions>
    </Filter>
    <Filter Include="Resource Files">
      <UniqueIdentifier>{67DA6AB6-F800-4c08-8B7A-83BB121AAD01}</UniqueIdentifier>
      <Extensions>rc;ico;cur;bmp;dlg;rc2;rct;bin;rgs;gif;jpg;jpeg;jpe;resx;tiff;tif;png;wav</Extensions>
    </Filter>
    <Filter Include="common">
      <UniqueIdentifier>{ea8597bb-c872-4260-8538-6793beb3d83f}</UniqueIdentifier>
    </Filter>
    <Filter Include="ksIPL">
      <UniqueIdentifier>{ecb15742-546e-4194-bfbe-03b456f47d74}</UniqueIdentifier>
    </Filter>
  </ItemGroup>
  <ItemGroup>
    <ClCompile Include="BlackFrame.cpp">
      <Filter>Source Files</Filter>
    </ClCompile>
    <ClCompile Include="BlackFrameExport.cpp">
      <Filter>Source Files</Filter>
    </ClCompile>
    <ClCompile Include="DetecBlackFrame.cpp">
      <Filter>Source Files</Filter>
    </ClCompile>
    <ClCompile Include="stdafx.cpp">
      <Filter>Source Files</Filter>
    </ClCompile>
    <ClCompile Include="..\..\Common\AppUtil.cpp">
      <Filter>common</Filter>
    </ClCompile>
    <ClCompile Include="..\..\Common\MAUtil.cpp">
      <Filter>common</Filter>
    </ClCompile>
  </ItemGroup>
  <ItemGroup>
    <None Include="BlackFrame.def">
      <Filter>Source Files</Filter>
    </None>
  </ItemGroup>
  <ItemGroup>
    <ClInclude Include="BlackFrame.h">
      <Filter>Header Files</Filter>
    </ClInclude>
    <ClInclude Include="BlackFrameExport.h">
      <Filter>Header Files</Filter>
    </ClInclude>
    <ClInclude Include="DetecBlackFrame.h">
      <Filter>Header Files</Filter>
    </ClInclude>
    <ClInclude Include="iplapi.h">
      <Filter>Header Files</Filter>
    </ClInclude>
    <ClInclude Include="ipltypes.h">
      <Filter>Header Files</Filter>
    </ClInclude>
    <ClInclude Include="Resource.h">
      <Filter>Header Files</Filter>
    </ClInclude>
    <ClInclude Include="stdafx.h">
      <Filter>Header Files</Filter>
    </ClInclude>
    <ClInclude Include="..\..\Common\AppUtil.h">
      <Filter>common</Filter>
    </ClInclude>
    <ClInclude Include="..\..\Common\CommonDataApi.h">
      <Filter>common</Filter>
    </ClInclude>
    <ClInclude Include="..\..\Common\ksIPL\include\iplDefine.h">
      <Filter>common</Filter>
    </ClInclude>
    <ClInclude Include="..\..\Common\MAUtil.h">
      <Filter>common</Filter>
    </ClInclude>
    <ClInclude Include="..\..\Common\TTypeDefine.h">
      <Filter>common</Filter>
    </ClInclude>
    <ClInclude Include="..\..\Common\ksIPL\include\iplFrame.h">
      <Filter>ksIPL</Filter>
    </ClInclude>
  </ItemGroup>
  <ItemGroup>
    <ResourceCompile Include="BlackFrame.rc">
      <Filter>Resource Files</Filter>
    </ResourceCompile>
  </ItemGroup>
  <ItemGroup>
    <Text Include="ReadMe.txt" />
  </ItemGroup>
</Project>