
Microsoft Visual Studio Solution File, Format Version 9.00
# Visual Studio 2005
Project("{8BC9CEB8-8B4A-11D0-8D11-00A0C91BC942}") = "CxImage", "CxImage\cximage.vcproj", "{121DBBE8-BD86-453A-9B0F-08268C321850}"
EndProject
Project("{8BC9CEB8-8B4A-11D0-8D11-00A0C91BC942}") = "CxImageCrtDll", "CxImage\CxImageDLL\CxImageCrtDll.vcproj", "{0DD45490-AF22-4600-9503-130F3120CF3D}"
	ProjectSection(ProjectDependencies) = postProject
		{3AB86A46-5525-4946-B68E-15B5539B1762} = {3AB86A46-5525-4946-B68E-15B5539B1762}
		{D17472ED-8FCE-4586-A434-631BDFC23272} = {D17472ED-8FCE-4586-A434-631BDFC23272}
		{31211867-52AF-4595-B56E-F72314C6D7CF} = {31211867-52AF-4595-B56E-F72314C6D7CF}
		{6764F07C-5712-466F-A0C8-28F7F120BE4E} = {6764F07C-5712-466F-A0C8-28F7F120BE4E}
		{25B3A9B2-241B-4749-9061-BA11835C14C8} = {25B3A9B2-241B-4749-9061-BA11835C14C8}
		{AF528C8A-83B7-4700-A707-0F1E40B1F362} = {AF528C8A-83B7-4700-A707-0F1E40B1F362}
		{FDA24D48-B311-440C-B309-848631765EDC} = {FDA24D48-B311-440C-B309-848631765EDC}
		{73A32315-4FFD-4099-814C-94E0202A33A1} = {73A32315-4FFD-4099-814C-94E0202A33A1}
	EndProjectSection
EndProject
Project("{8BC9CEB8-8B4A-11D0-8D11-00A0C91BC942}") = "CxImageMfcDll", "CxImage\CxImageDLL\cximagemfcdll.vcproj", "{F67E4809-EB05-492C-86A6-5822765BAFCA}"
	ProjectSection(ProjectDependencies) = postProject
		{3AB86A46-5525-4946-B68E-15B5539B1762} = {3AB86A46-5525-4946-B68E-15B5539B1762}
		{D17472ED-8FCE-4586-A434-631BDFC23272} = {D17472ED-8FCE-4586-A434-631BDFC23272}
		{31211867-52AF-4595-B56E-F72314C6D7CF} = {31211867-52AF-4595-B56E-F72314C6D7CF}
		{6764F07C-5712-466F-A0C8-28F7F120BE4E} = {6764F07C-5712-466F-A0C8-28F7F120BE4E}
		{25B3A9B2-241B-4749-9061-BA11835C14C8} = {25B3A9B2-241B-4749-9061-BA11835C14C8}
		{AF528C8A-83B7-4700-A707-0F1E40B1F362} = {AF528C8A-83B7-4700-A707-0F1E40B1F362}
		{FDA24D48-B311-440C-B309-848631765EDC} = {FDA24D48-B311-440C-B309-848631765EDC}
		{73A32315-4FFD-4099-814C-94E0202A33A1} = {73A32315-4FFD-4099-814C-94E0202A33A1}
	EndProjectSection
EndProject
Project("{8BC9CEB8-8B4A-11D0-8D11-00A0C91BC942}") = "demo", "demo\demo.vcproj", "{DFBEA69B-7823-474B-9E89-80CD88FDE333}"
	ProjectSection(ProjectDependencies) = postProject
		{121DBBE8-BD86-453A-9B0F-08268C321850} = {121DBBE8-BD86-453A-9B0F-08268C321850}
		{D17472ED-8FCE-4586-A434-631BDFC23272} = {D17472ED-8FCE-4586-A434-631BDFC23272}
		{31211867-52AF-4595-B56E-F72314C6D7CF} = {31211867-52AF-4595-B56E-F72314C6D7CF}
		{6764F07C-5712-466F-A0C8-28F7F120BE4E} = {6764F07C-5712-466F-A0C8-28F7F120BE4E}
		{25B3A9B2-241B-4749-9061-BA11835C14C8} = {25B3A9B2-241B-4749-9061-BA11835C14C8}
		{FDA24D48-B311-440C-B309-848631765EDC} = {FDA24D48-B311-440C-B309-848631765EDC}
		{3AB86A46-5525-4946-B68E-15B5539B1762} = {3AB86A46-5525-4946-B68E-15B5539B1762}
		{AF528C8A-83B7-4700-A707-0F1E40B1F362} = {AF528C8A-83B7-4700-A707-0F1E40B1F362}
		{73A32315-4FFD-4099-814C-94E0202A33A1} = {73A32315-4FFD-4099-814C-94E0202A33A1}
	EndProjectSection
EndProject
Project("{8BC9CEB8-8B4A-11D0-8D11-00A0C91BC942}") = "demoDll", "demo\demoDLL.vcproj", "{ADF25632-DE7D-4AC0-9B67-A284CEC32406}"
	ProjectSection(ProjectDependencies) = postProject
		{0DD45490-AF22-4600-9503-130F3120CF3D} = {0DD45490-AF22-4600-9503-130F3120CF3D}
	EndProjectSection
EndProject
Project("{8BC9CEB8-8B4A-11D0-8D11-00A0C91BC942}") = "jasper", "jasper\jasper.vcproj", "{AF528C8A-83B7-4700-A707-0F1E40B1F362}"
EndProject
Project("{8BC9CEB8-8B4A-11D0-8D11-00A0C91BC942}") = "jbig", "jbig\jbig.vcproj", "{3AB86A46-5525-4946-B68E-15B5539B1762}"
EndProject
Project("{8BC9CEB8-8B4A-11D0-8D11-00A0C91BC942}") = "jpeg", "jpeg\Jpeg.vcproj", "{D17472ED-8FCE-4586-A434-631BDFC23272}"
EndProject
Project("{8BC9CEB8-8B4A-11D0-8D11-00A0C91BC942}") = "libdcr", "raw\libdcr.vcproj", "{73A32315-4FFD-4099-814C-94E0202A33A1}"
EndProject
Project("{8BC9CEB8-8B4A-11D0-8D11-00A0C91BC942}") = "mng", "mng\mng.vcproj", "{FDA24D48-B311-440C-B309-848631765EDC}"
EndProject
Project("{8BC9CEB8-8B4A-11D0-8D11-00A0C91BC942}") = "png", "png\png.vcproj", "{31211867-52AF-4595-B56E-F72314C6D7CF}"
EndProject
Project("{8BC9CEB8-8B4A-11D0-8D11-00A0C91BC942}") = "tiff", "tiff\Tiff.vcproj", "{6764F07C-5712-466F-A0C8-28F7F120BE4E}"
EndProject
Project("{8BC9CEB8-8B4A-11D0-8D11-00A0C91BC942}") = "zlib", "zlib\zlib.vcproj", "{25B3A9B2-241B-4749-9061-BA11835C14C8}"
EndProject
Project("{54435603-DBB4-11D2-8724-00A0C9A8B90C}") = "ImageTester", "ImageTester\ImageTester.vdproj", "{6EBD49C1-3710-44A3-94A8-8F94DA6736F9}"
EndProject
Global
	GlobalSection(SolutionConfigurationPlatforms) = preSolution
		Debug|Win32 = Debug|Win32
		DebugOMP|Win32 = DebugOMP|Win32
		Release|Win32 = Release|Win32
		ReleaseOMP|Win32 = ReleaseOMP|Win32
		Unicode Debug|Win32 = Unicode Debug|Win32
		Unicode Release|Win32 = Unicode Release|Win32
	EndGlobalSection
	GlobalSection(ProjectConfigurationPlatforms) = postSolution
		{121DBBE8-BD86-453A-9B0F-08268C321850}.Debug|Win32.ActiveCfg = Debug|Win32
		{121DBBE8-BD86-453A-9B0F-08268C321850}.Debug|Win32.Build.0 = Debug|Win32
		{121DBBE8-BD86-453A-9B0F-08268C321850}.DebugOMP|Win32.ActiveCfg = Debug|Win32
		{121DBBE8-BD86-453A-9B0F-08268C321850}.DebugOMP|Win32.Build.0 = Debug|Win32
		{121DBBE8-BD86-453A-9B0F-08268C321850}.Release|Win32.ActiveCfg = Release|Win32
		{121DBBE8-BD86-453A-9B0F-08268C321850}.Release|Win32.Build.0 = Release|Win32
		{121DBBE8-BD86-453A-9B0F-08268C321850}.ReleaseOMP|Win32.ActiveCfg = Release|Win32
		{121DBBE8-BD86-453A-9B0F-08268C321850}.ReleaseOMP|Win32.Build.0 = Release|Win32
		{121DBBE8-BD86-453A-9B0F-08268C321850}.Unicode Debug|Win32.ActiveCfg = Unicode Debug|Win32
		{121DBBE8-BD86-453A-9B0F-08268C321850}.Unicode Debug|Win32.Build.0 = Unicode Debug|Win32
		{121DBBE8-BD86-453A-9B0F-08268C321850}.Unicode Release|Win32.ActiveCfg = Unicode Release|Win32
		{121DBBE8-BD86-453A-9B0F-08268C321850}.Unicode Release|Win32.Build.0 = Unicode Release|Win32
		{0DD45490-AF22-4600-9503-130F3120CF3D}.Debug|Win32.ActiveCfg = Debug|Win32
		{0DD45490-AF22-4600-9503-130F3120CF3D}.DebugOMP|Win32.ActiveCfg = Debug|Win32
		{0DD45490-AF22-4600-9503-130F3120CF3D}.DebugOMP|Win32.Build.0 = Debug|Win32
		{0DD45490-AF22-4600-9503-130F3120CF3D}.Release|Win32.ActiveCfg = Release|Win32
		{0DD45490-AF22-4600-9503-130F3120CF3D}.Release|Win32.Build.0 = Release|Win32
		{0DD45490-AF22-4600-9503-130F3120CF3D}.ReleaseOMP|Win32.ActiveCfg = Release|Win32
		{0DD45490-AF22-4600-9503-130F3120CF3D}.ReleaseOMP|Win32.Build.0 = Release|Win32
		{0DD45490-AF22-4600-9503-130F3120CF3D}.Unicode Debug|Win32.ActiveCfg = Unicode Debug|Win32
		{0DD45490-AF22-4600-9503-130F3120CF3D}.Unicode Debug|Win32.Build.0 = Unicode Debug|Win32
		{0DD45490-AF22-4600-9503-130F3120CF3D}.Unicode Release|Win32.ActiveCfg = Unicode Release|Win32
		{0DD45490-AF22-4600-9503-130F3120CF3D}.Unicode Release|Win32.Build.0 = Unicode Release|Win32
		{F67E4809-EB05-492C-86A6-5822765BAFCA}.Debug|Win32.ActiveCfg = Debug|Win32
		{F67E4809-EB05-492C-86A6-5822765BAFCA}.DebugOMP|Win32.ActiveCfg = Debug|Win32
		{F67E4809-EB05-492C-86A6-5822765BAFCA}.DebugOMP|Win32.Build.0 = Debug|Win32
		{F67E4809-EB05-492C-86A6-5822765BAFCA}.Release|Win32.ActiveCfg = Release|Win32
		{F67E4809-EB05-492C-86A6-5822765BAFCA}.Release|Win32.Build.0 = Release|Win32
		{F67E4809-EB05-492C-86A6-5822765BAFCA}.ReleaseOMP|Win32.ActiveCfg = Release|Win32
		{F67E4809-EB05-492C-86A6-5822765BAFCA}.ReleaseOMP|Win32.Build.0 = Release|Win32
		{F67E4809-EB05-492C-86A6-5822765BAFCA}.Unicode Debug|Win32.ActiveCfg = Unicode Debug|Win32
		{F67E4809-EB05-492C-86A6-5822765BAFCA}.Unicode Debug|Win32.Build.0 = Unicode Debug|Win32
		{F67E4809-EB05-492C-86A6-5822765BAFCA}.Unicode Release|Win32.ActiveCfg = Unicode Release|Win32
		{F67E4809-EB05-492C-86A6-5822765BAFCA}.Unicode Release|Win32.Build.0 = Unicode Release|Win32
		{DFBEA69B-7823-474B-9E89-80CD88FDE333}.Debug|Win32.ActiveCfg = Debug|Win32
		{DFBEA69B-7823-474B-9E89-80CD88FDE333}.Debug|Win32.Build.0 = Debug|Win32
		{DFBEA69B-7823-474B-9E89-80CD88FDE333}.DebugOMP|Win32.ActiveCfg = DebugOMP|Win32
		{DFBEA69B-7823-474B-9E89-80CD88FDE333}.DebugOMP|Win32.Build.0 = DebugOMP|Win32
		{DFBEA69B-7823-474B-9E89-80CD88FDE333}.Release|Win32.ActiveCfg = Release|Win32
		{DFBEA69B-7823-474B-9E89-80CD88FDE333}.Release|Win32.Build.0 = Release|Win32
		{DFBEA69B-7823-474B-9E89-80CD88FDE333}.ReleaseOMP|Win32.ActiveCfg = ReleaseOMP|Win32
		{DFBEA69B-7823-474B-9E89-80CD88FDE333}.ReleaseOMP|Win32.Build.0 = ReleaseOMP|Win32
		{DFBEA69B-7823-474B-9E89-80CD88FDE333}.Unicode Debug|Win32.ActiveCfg = Unicode Debug|Win32
		{DFBEA69B-7823-474B-9E89-80CD88FDE333}.Unicode Debug|Win32.Build.0 = Unicode Debug|Win32
		{DFBEA69B-7823-474B-9E89-80CD88FDE333}.Unicode Release|Win32.ActiveCfg = Unicode Release|Win32
		{DFBEA69B-7823-474B-9E89-80CD88FDE333}.Unicode Release|Win32.Build.0 = Unicode Release|Win32
		{ADF25632-DE7D-4AC0-9B67-A284CEC32406}.Debug|Win32.ActiveCfg = Debug|Win32
		{ADF25632-DE7D-4AC0-9B67-A284CEC32406}.DebugOMP|Win32.ActiveCfg = Debug|Win32
		{ADF25632-DE7D-4AC0-9B67-A284CEC32406}.DebugOMP|Win32.Build.0 = Debug|Win32
		{ADF25632-DE7D-4AC0-9B67-A284CEC32406}.Release|Win32.ActiveCfg = Release|Win32
		{ADF25632-DE7D-4AC0-9B67-A284CEC32406}.Release|Win32.Build.0 = Release|Win32
		{ADF25632-DE7D-4AC0-9B67-A284CEC32406}.ReleaseOMP|Win32.ActiveCfg = Release|Win32
		{ADF25632-DE7D-4AC0-9B67-A284CEC32406}.ReleaseOMP|Win32.Build.0 = Release|Win32
		{ADF25632-DE7D-4AC0-9B67-A284CEC32406}.Unicode Debug|Win32.ActiveCfg = Unicode Debug|Win32
		{ADF25632-DE7D-4AC0-9B67-A284CEC32406}.Unicode Debug|Win32.Build.0 = Unicode Debug|Win32
		{ADF25632-DE7D-4AC0-9B67-A284CEC32406}.Unicode Release|Win32.ActiveCfg = Unicode Release|Win32
		{ADF25632-DE7D-4AC0-9B67-A284CEC32406}.Unicode Release|Win32.Build.0 = Unicode Release|Win32
		{AF528C8A-83B7-4700-A707-0F1E40B1F362}.Debug|Win32.ActiveCfg = Debug|Win32
		{AF528C8A-83B7-4700-A707-0F1E40B1F362}.Debug|Win32.Build.0 = Debug|Win32
		{AF528C8A-83B7-4700-A707-0F1E40B1F362}.DebugOMP|Win32.ActiveCfg = Debug|Win32
		{AF528C8A-83B7-4700-A707-0F1E40B1F362}.DebugOMP|Win32.Build.0 = Debug|Win32
		{AF528C8A-83B7-4700-A707-0F1E40B1F362}.Release|Win32.ActiveCfg = Release|Win32
		{AF528C8A-83B7-4700-A707-0F1E40B1F362}.Release|Win32.Build.0 = Release|Win32
		{AF528C8A-83B7-4700-A707-0F1E40B1F362}.ReleaseOMP|Win32.ActiveCfg = Release|Win32
		{AF528C8A-83B7-4700-A707-0F1E40B1F362}.ReleaseOMP|Win32.Build.0 = Release|Win32
		{AF528C8A-83B7-4700-A707-0F1E40B1F362}.Unicode Debug|Win32.ActiveCfg = Unicode Debug|Win32
		{AF528C8A-83B7-4700-A707-0F1E40B1F362}.Unicode Debug|Win32.Build.0 = Unicode Debug|Win32
		{AF528C8A-83B7-4700-A707-0F1E40B1F362}.Unicode Release|Win32.ActiveCfg = Unicode Release|Win32
		{AF528C8A-83B7-4700-A707-0F1E40B1F362}.Unicode Release|Win32.Build.0 = Unicode Release|Win32
		{3AB86A46-5525-4946-B68E-15B5539B1762}.Debug|Win32.ActiveCfg = Debug|Win32
		{3AB86A46-5525-4946-B68E-15B5539B1762}.Debug|Win32.Build.0 = Debug|Win32
		{3AB86A46-5525-4946-B68E-15B5539B1762}.DebugOMP|Win32.ActiveCfg = Debug|Win32
		{3AB86A46-5525-4946-B68E-15B5539B1762}.DebugOMP|Win32.Build.0 = Debug|Win32
		{3AB86A46-5525-4946-B68E-15B5539B1762}.Release|Win32.ActiveCfg = Release|Win32
		{3AB86A46-5525-4946-B68E-15B5539B1762}.Release|Win32.Build.0 = Release|Win32
		{3AB86A46-5525-4946-B68E-15B5539B1762}.ReleaseOMP|Win32.ActiveCfg = Release|Win32
		{3AB86A46-5525-4946-B68E-15B5539B1762}.ReleaseOMP|Win32.Build.0 = Release|Win32
		{3AB86A46-5525-4946-B68E-15B5539B1762}.Unicode Debug|Win32.ActiveCfg = Unicode Debug|Win32
		{3AB86A46-5525-4946-B68E-15B5539B1762}.Unicode Debug|Win32.Build.0 = Unicode Debug|Win32
		{3AB86A46-5525-4946-B68E-15B5539B1762}.Unicode Release|Win32.ActiveCfg = Unicode Release|Win32
		{3AB86A46-5525-4946-B68E-15B5539B1762}.Unicode Release|Win32.Build.0 = Unicode Release|Win32
		{D17472ED-8FCE-4586-A434-631BDFC23272}.Debug|Win32.ActiveCfg = Debug|Win32
		{D17472ED-8FCE-4586-A434-631BDFC23272}.Debug|Win32.Build.0 = Debug|Win32
		{D17472ED-8FCE-4586-A434-631BDFC23272}.DebugOMP|Win32.ActiveCfg = Debug|Win32
		{D17472ED-8FCE-4586-A434-631BDFC23272}.DebugOMP|Win32.Build.0 = Debug|Win32
		{D17472ED-8FCE-4586-A434-631BDFC23272}.Release|Win32.ActiveCfg = Release|Win32
		{D17472ED-8FCE-4586-A434-631BDFC23272}.Release|Win32.Build.0 = Release|Win32
		{D17472ED-8FCE-4586-A434-631BDFC23272}.ReleaseOMP|Win32.ActiveCfg = Release|Win32
		{D17472ED-8FCE-4586-A434-631BDFC23272}.ReleaseOMP|Win32.Build.0 = Release|Win32
		{D17472ED-8FCE-4586-A434-631BDFC23272}.Unicode Debug|Win32.ActiveCfg = Unicode Debug|Win32
		{D17472ED-8FCE-4586-A434-631BDFC23272}.Unicode Debug|Win32.Build.0 = Unicode Debug|Win32
		{D17472ED-8FCE-4586-A434-631BDFC23272}.Unicode Release|Win32.ActiveCfg = Unicode Release|Win32
		{D17472ED-8FCE-4586-A434-631BDFC23272}.Unicode Release|Win32.Build.0 = Unicode Release|Win32
		{73A32315-4FFD-4099-814C-94E0202A33A1}.Debug|Win32.ActiveCfg = Debug|Win32
		{73A32315-4FFD-4099-814C-94E0202A33A1}.Debug|Win32.Build.0 = Debug|Win32
		{73A32315-4FFD-4099-814C-94E0202A33A1}.DebugOMP|Win32.ActiveCfg = Debug|Win32
		{73A32315-4FFD-4099-814C-94E0202A33A1}.DebugOMP|Win32.Build.0 = Debug|Win32
		{73A32315-4FFD-4099-814C-94E0202A33A1}.Release|Win32.ActiveCfg = Release|Win32
		{73A32315-4FFD-4099-814C-94E0202A33A1}.Release|Win32.Build.0 = Release|Win32
		{73A32315-4FFD-4099-814C-94E0202A33A1}.ReleaseOMP|Win32.ActiveCfg = Release|Win32
		{73A32315-4FFD-4099-814C-94E0202A33A1}.ReleaseOMP|Win32.Build.0 = Release|Win32
		{73A32315-4FFD-4099-814C-94E0202A33A1}.Unicode Debug|Win32.ActiveCfg = Unicode Debug|Win32
		{73A32315-4FFD-4099-814C-94E0202A33A1}.Unicode Debug|Win32.Build.0 = Unicode Debug|Win32
		{73A32315-4FFD-4099-814C-94E0202A33A1}.Unicode Release|Win32.ActiveCfg = Unicode Release|Win32
		{73A32315-4FFD-4099-814C-94E0202A33A1}.Unicode Release|Win32.Build.0 = Unicode Release|Win32
		{FDA24D48-B311-440C-B309-848631765EDC}.Debug|Win32.ActiveCfg = Debug|Win32
		{FDA24D48-B311-440C-B309-848631765EDC}.Debug|Win32.Build.0 = Debug|Win32
		{FDA24D48-B311-440C-B309-848631765EDC}.DebugOMP|Win32.ActiveCfg = Debug|Win32
		{FDA24D48-B311-440C-B309-848631765EDC}.DebugOMP|Win32.Build.0 = Debug|Win32
		{FDA24D48-B311-440C-B309-848631765EDC}.Release|Win32.ActiveCfg = Release|Win32
		{FDA24D48-B311-440C-B309-848631765EDC}.Release|Win32.Build.0 = Release|Win32
		{FDA24D48-B311-440C-B309-848631765EDC}.ReleaseOMP|Win32.ActiveCfg = Release|Win32
		{FDA24D48-B311-440C-B309-848631765EDC}.ReleaseOMP|Win32.Build.0 = Release|Win32
		{FDA24D48-B311-440C-B309-848631765EDC}.Unicode Debug|Win32.ActiveCfg = Unicode Debug|Win32
		{FDA24D48-B311-440C-B309-848631765EDC}.Unicode Debug|Win32.Build.0 = Unicode Debug|Win32
		{FDA24D48-B311-440C-B309-848631765EDC}.Unicode Release|Win32.ActiveCfg = Unicode Release|Win32
		{FDA24D48-B311-440C-B309-848631765EDC}.Unicode Release|Win32.Build.0 = Unicode Release|Win32
		{31211867-52AF-4595-B56E-F72314C6D7CF}.Debug|Win32.ActiveCfg = Debug|Win32
		{31211867-52AF-4595-B56E-F72314C6D7CF}.Debug|Win32.Build.0 = Debug|Win32
		{31211867-52AF-4595-B56E-F72314C6D7CF}.DebugOMP|Win32.ActiveCfg = Debug|Win32
		{31211867-52AF-4595-B56E-F72314C6D7CF}.DebugOMP|Win32.Build.0 = Debug|Win32
		{31211867-52AF-4595-B56E-F72314C6D7CF}.Release|Win32.ActiveCfg = Release|Win32
		{31211867-52AF-4595-B56E-F72314C6D7CF}.Release|Win32.Build.0 = Release|Win32
		{31211867-52AF-4595-B56E-F72314C6D7CF}.ReleaseOMP|Win32.ActiveCfg = Release|Win32
		{31211867-52AF-4595-B56E-F72314C6D7CF}.ReleaseOMP|Win32.Build.0 = Release|Win32
		{31211867-52AF-4595-B56E-F72314C6D7CF}.Unicode Debug|Win32.ActiveCfg = Unicode Debug|Win32
		{31211867-52AF-4595-B56E-F72314C6D7CF}.Unicode Debug|Win32.Build.0 = Unicode Debug|Win32
		{31211867-52AF-4595-B56E-F72314C6D7CF}.Unicode Release|Win32.ActiveCfg = Unicode Release|Win32
		{31211867-52AF-4595-B56E-F72314C6D7CF}.Unicode Release|Win32.Build.0 = Unicode Release|Win32
		{6764F07C-5712-466F-A0C8-28F7F120BE4E}.Debug|Win32.ActiveCfg = Debug|Win32
		{6764F07C-5712-466F-A0C8-28F7F120BE4E}.Debug|Win32.Build.0 = Debug|Win32
		{6764F07C-5712-466F-A0C8-28F7F120BE4E}.DebugOMP|Win32.ActiveCfg = Debug|Win32
		{6764F07C-5712-466F-A0C8-28F7F120BE4E}.DebugOMP|Win32.Build.0 = Debug|Win32
		{6764F07C-5712-466F-A0C8-28F7F120BE4E}.Release|Win32.ActiveCfg = Release|Win32
		{6764F07C-5712-466F-A0C8-28F7F120BE4E}.Release|Win32.Build.0 = Release|Win32
		{6764F07C-5712-466F-A0C8-28F7F120BE4E}.ReleaseOMP|Win32.ActiveCfg = Release|Win32
		{6764F07C-5712-466F-A0C8-28F7F120BE4E}.ReleaseOMP|Win32.Build.0 = Release|Win32
		{6764F07C-5712-466F-A0C8-28F7F120BE4E}.Unicode Debug|Win32.ActiveCfg = Unicode Debug|Win32
		{6764F07C-5712-466F-A0C8-28F7F120BE4E}.Unicode Debug|Win32.Build.0 = Unicode Debug|Win32
		{6764F07C-5712-466F-A0C8-28F7F120BE4E}.Unicode Release|Win32.ActiveCfg = Unicode Release|Win32
		{6764F07C-5712-466F-A0C8-28F7F120BE4E}.Unicode Release|Win32.Build.0 = Unicode Release|Win32
		{25B3A9B2-241B-4749-9061-BA11835C14C8}.Debug|Win32.ActiveCfg = Debug|Win32
		{25B3A9B2-241B-4749-9061-BA11835C14C8}.Debug|Win32.Build.0 = Debug|Win32
		{25B3A9B2-241B-4749-9061-BA11835C14C8}.DebugOMP|Win32.ActiveCfg = Debug|Win32
		{25B3A9B2-241B-4749-9061-BA11835C14C8}.DebugOMP|Win32.Build.0 = Debug|Win32
		{25B3A9B2-241B-4749-9061-BA11835C14C8}.Release|Win32.ActiveCfg = Release|Win32
		{25B3A9B2-241B-4749-9061-BA11835C14C8}.Release|Win32.Build.0 = Release|Win32
		{25B3A9B2-241B-4749-9061-BA11835C14C8}.ReleaseOMP|Win32.ActiveCfg = Release|Win32
		{25B3A9B2-241B-4749-9061-BA11835C14C8}.ReleaseOMP|Win32.Build.0 = Release|Win32
		{25B3A9B2-241B-4749-9061-BA11835C14C8}.Unicode Debug|Win32.ActiveCfg = Unicode Debug|Win32
		{25B3A9B2-241B-4749-9061-BA11835C14C8}.Unicode Debug|Win32.Build.0 = Unicode Debug|Win32
		{25B3A9B2-241B-4749-9061-BA11835C14C8}.Unicode Release|Win32.ActiveCfg = Unicode Release|Win32
		{25B3A9B2-241B-4749-9061-BA11835C14C8}.Unicode Release|Win32.Build.0 = Unicode Release|Win32
		{6EBD49C1-3710-44A3-94A8-8F94DA6736F9}.Debug|Win32.ActiveCfg = Debug
		{6EBD49C1-3710-44A3-94A8-8F94DA6736F9}.DebugOMP|Win32.ActiveCfg = Debug
		{6EBD49C1-3710-44A3-94A8-8F94DA6736F9}.Release|Win32.ActiveCfg = Release
		{6EBD49C1-3710-44A3-94A8-8F94DA6736F9}.ReleaseOMP|Win32.ActiveCfg = ReleaseOMP
		{6EBD49C1-3710-44A3-94A8-8F94DA6736F9}.ReleaseOMP|Win32.Build.0 = ReleaseOMP
		{6EBD49C1-3710-44A3-94A8-8F94DA6736F9}.Unicode Debug|Win32.ActiveCfg = Debug
		{6EBD49C1-3710-44A3-94A8-8F94DA6736F9}.Unicode Release|Win32.ActiveCfg = Release
	EndGlobalSection
	GlobalSection(SolutionProperties) = preSolution
		HideSolutionNode = FALSE
	EndGlobalSection
EndGlobal
